// !$*UTF8*$!
{
	archiveVersion = 1;
	classes = {
	};
	objectVersion = 51;
	objects = {

/* Begin PBXBuildFile section */
		8F28C6CD28B4ED7C0095E375 /* MainViewModel.swift in Sources */ = {isa = PBXBuildFile; fileRef = 8F28C6CC28B4ED7C0095E375 /* MainViewModel.swift */; };
		8F28C6D028B4EDA70095E375 /* MainViewModelProtocol.swift in Sources */ = {isa = PBXBuildFile; fileRef = 8F28C6CF28B4EDA70095E375 /* MainViewModelProtocol.swift */; };
		8F28C6DC28B54E970095E375 /* MainViewProtocol.swift in Sources */ = {isa = PBXBuildFile; fileRef = 8F28C6DB28B54E970095E375 /* MainViewProtocol.swift */; };
		8F28C6DF28B61E5A0095E375 /* Trip.swift in Sources */ = {isa = PBXBuildFile; fileRef = 8F28C6DE28B61E5A0095E375 /* Trip.swift */; };
		8F96528128AE35F7003A1F82 /* AppDelegate.swift in Sources */ = {isa = PBXBuildFile; fileRef = 8F96528028AE35F7003A1F82 /* AppDelegate.swift */; };
		8F96528A28AE3605003A1F82 /* Assets.xcassets in Resources */ = {isa = PBXBuildFile; fileRef = 8F96528928AE3605003A1F82 /* Assets.xcassets */; };
		8F96528D28AE3605003A1F82 /* LaunchScreen.storyboard in Resources */ = {isa = PBXBuildFile; fileRef = 8F96528B28AE3605003A1F82 /* LaunchScreen.storyboard */; };
		8F96529E28AE6402003A1F82 /* LocationService.swift in Sources */ = {isa = PBXBuildFile; fileRef = 8F96529D28AE6402003A1F82 /* LocationService.swift */; };
		8F9652A228AE65CF003A1F82 /* MainViewController.swift in Sources */ = {isa = PBXBuildFile; fileRef = 8F9652A128AE65CF003A1F82 /* MainViewController.swift */; };
		8F9652A828AFA77E003A1F82 /* LocationServiceProtocol.swift in Sources */ = {isa = PBXBuildFile; fileRef = 8F9652A728AFA77E003A1F82 /* LocationServiceProtocol.swift */; };
		CC49DB00FADBB1AB655375A1 /* Pods_Tracker.framework in Frameworks */ = {isa = PBXBuildFile; fileRef = 3396908BDFE3EA013F214DAB /* Pods_Tracker.framework */; };
/* End PBXBuildFile section */

/* Begin PBXFileReference section */
		3396908BDFE3EA013F214DAB /* Pods_Tracker.framework */ = {isa = PBXFileReference; explicitFileType = wrapper.framework; includeInIndex = 0; path = Pods_Tracker.framework; sourceTree = BUILT_PRODUCTS_DIR; };
		8F28C6CC28B4ED7C0095E375 /* MainViewModel.swift */ = {isa = PBXFileReference; lastKnownFileType = sourcecode.swift; path = MainViewModel.swift; sourceTree = "<group>"; };
		8F28C6CF28B4EDA70095E375 /* MainViewModelProtocol.swift */ = {isa = PBXFileReference; lastKnownFileType = sourcecode.swift; path = MainViewModelProtocol.swift; sourceTree = "<group>"; };
		8F28C6DB28B54E970095E375 /* MainViewProtocol.swift */ = {isa = PBXFileReference; lastKnownFileType = sourcecode.swift; path = MainViewProtocol.swift; sourceTree = "<group>"; };
		8F28C6DE28B61E5A0095E375 /* Trip.swift */ = {isa = PBXFileReference; lastKnownFileType = sourcecode.swift; path = Trip.swift; sourceTree = "<group>"; };
		8F96527D28AE35F7003A1F82 /* Tracker.app */ = {isa = PBXFileReference; explicitFileType = wrapper.application; includeInIndex = 0; path = Tracker.app; sourceTree = BUILT_PRODUCTS_DIR; };
		8F96528028AE35F7003A1F82 /* AppDelegate.swift */ = {isa = PBXFileReference; lastKnownFileType = sourcecode.swift; path = AppDelegate.swift; sourceTree = "<group>"; };
		8F96528928AE3605003A1F82 /* Assets.xcassets */ = {isa = PBXFileReference; lastKnownFileType = folder.assetcatalog; path = Assets.xcassets; sourceTree = "<group>"; };
		8F96528C28AE3605003A1F82 /* Base */ = {isa = PBXFileReference; lastKnownFileType = file.storyboard; name = Base; path = Base.lproj/LaunchScreen.storyboard; sourceTree = "<group>"; };
		8F96528E28AE3605003A1F82 /* Info.plist */ = {isa = PBXFileReference; lastKnownFileType = text.plist.xml; path = Info.plist; sourceTree = "<group>"; };
		8F96529D28AE6402003A1F82 /* LocationService.swift */ = {isa = PBXFileReference; lastKnownFileType = sourcecode.swift; path = LocationService.swift; sourceTree = "<group>"; };
		8F9652A128AE65CF003A1F82 /* MainViewController.swift */ = {isa = PBXFileReference; lastKnownFileType = sourcecode.swift; path = MainViewController.swift; sourceTree = "<group>"; };
		8F9652A428AE69B8003A1F82 /* sample.gpx */ = {isa = PBXFileReference; lastKnownFileType = text.xml; path = sample.gpx; sourceTree = "<group>"; };
		8F9652A728AFA77E003A1F82 /* LocationServiceProtocol.swift */ = {isa = PBXFileReference; lastKnownFileType = sourcecode.swift; path = LocationServiceProtocol.swift; sourceTree = "<group>"; };
		8F9652B228B4D1CF003A1F82 /* 1.gpx */ = {isa = PBXFileReference; lastKnownFileType = text.xml; path = 1.gpx; sourceTree = "<group>"; };
		A40BD650974B7311C891EF76 /* Pods-Tracker.release.xcconfig */ = {isa = PBXFileReference; includeInIndex = 1; lastKnownFileType = text.xcconfig; name = "Pods-Tracker.release.xcconfig"; path = "Target Support Files/Pods-Tracker/Pods-Tracker.release.xcconfig"; sourceTree = "<group>"; };
		E496741141D4D70027485ABE /* Pods-Tracker.debug.xcconfig */ = {isa = PBXFileReference; includeInIndex = 1; lastKnownFileType = text.xcconfig; name = "Pods-Tracker.debug.xcconfig"; path = "Target Support Files/Pods-Tracker/Pods-Tracker.debug.xcconfig"; sourceTree = "<group>"; };
/* End PBXFileReference section */

/* Begin PBXFrameworksBuildPhase section */
		8F96527A28AE35F7003A1F82 /* Frameworks */ = {
			isa = PBXFrameworksBuildPhase;
			buildActionMask = 2147483647;
			files = (
				CC49DB00FADBB1AB655375A1 /* Pods_Tracker.framework in Frameworks */,
			);
			runOnlyForDeploymentPostprocessing = 0;
		};
/* End PBXFrameworksBuildPhase section */

/* Begin PBXGroup section */
		86897B610094F87EA97A7E20 /* Pods */ = {
			isa = PBXGroup;
			children = (
				E496741141D4D70027485ABE /* Pods-Tracker.debug.xcconfig */,
				A40BD650974B7311C891EF76 /* Pods-Tracker.release.xcconfig */,
			);
			path = Pods;
			sourceTree = "<group>";
		};
		8F96527428AE35F7003A1F82 = {
			isa = PBXGroup;
			children = (
				8F9652B228B4D1CF003A1F82 /* 1.gpx */,
				8F9652A428AE69B8003A1F82 /* sample.gpx */,
				8F96527F28AE35F7003A1F82 /* Tracker */,
				8F96527E28AE35F7003A1F82 /* Products */,
				86897B610094F87EA97A7E20 /* Pods */,
				E5B62D85EF0142B917268486 /* Frameworks */,
			);
			sourceTree = "<group>";
		};
		8F96527E28AE35F7003A1F82 /* Products */ = {
			isa = PBXGroup;
			children = (
				8F96527D28AE35F7003A1F82 /* Tracker.app */,
			);
			name = Products;
			sourceTree = "<group>";
		};
		8F96527F28AE35F7003A1F82 /* Tracker */ = {
			isa = PBXGroup;
			children = (
				8F9652A628AFA755003A1F82 /* Location */,
				8F96529928AE3799003A1F82 /* Presentation */,
				8F96528028AE35F7003A1F82 /* AppDelegate.swift */,
				8F96528928AE3605003A1F82 /* Assets.xcassets */,
				8F96528B28AE3605003A1F82 /* LaunchScreen.storyboard */,
				8F96528E28AE3605003A1F82 /* Info.plist */,
			);
			path = Tracker;
			sourceTree = "<group>";
		};
		8F96529928AE3799003A1F82 /* Presentation */ = {
			isa = PBXGroup;
			children = (
				8F9652AC28B4A343003A1F82 /* Model */,
				8F9652AB28B4A33A003A1F82 /* ViewModel */,
				8F96529A28AE3823003A1F82 /* View */,
			);
			path = Presentation;
			sourceTree = "<group>";
		};
		8F96529A28AE3823003A1F82 /* View */ = {
			isa = PBXGroup;
			children = (
				8F9652A128AE65CF003A1F82 /* MainViewController.swift */,
				8F28C6DB28B54E970095E375 /* MainViewProtocol.swift */,
			);
			path = View;
			sourceTree = "<group>";
		};
		8F9652A628AFA755003A1F82 /* Location */ = {
			isa = PBXGroup;
			children = (
				8F96529D28AE6402003A1F82 /* LocationService.swift */,
				8F9652A728AFA77E003A1F82 /* LocationServiceProtocol.swift */,
			);
			path = Location;
			sourceTree = "<group>";
		};
		8F9652AB28B4A33A003A1F82 /* ViewModel */ = {
			isa = PBXGroup;
			children = (
				8F28C6CC28B4ED7C0095E375 /* MainViewModel.swift */,
				8F28C6CF28B4EDA70095E375 /* MainViewModelProtocol.swift */,
			);
			path = ViewModel;
			sourceTree = "<group>";
		};
		8F9652AC28B4A343003A1F82 /* Model */ = {
			isa = PBXGroup;
			children = (
				8F28C6DE28B61E5A0095E375 /* Trip.swift */,
			);
			path = Model;
			sourceTree = "<group>";
		};
		E5B62D85EF0142B917268486 /* Frameworks */ = {
			isa = PBXGroup;
			children = (
				3396908BDFE3EA013F214DAB /* Pods_Tracker.framework */,
			);
			name = Frameworks;
			sourceTree = "<group>";
		};
/* End PBXGroup section */

/* Begin PBXNativeTarget section */
		8F96527C28AE35F7003A1F82 /* Tracker */ = {
			isa = PBXNativeTarget;
			buildConfigurationList = 8F96529128AE3605003A1F82 /* Build configuration list for PBXNativeTarget "Tracker" */;
			buildPhases = (
				229C809CF1C4AD312CF3439D /* [CP] Check Pods Manifest.lock */,
				8F96527928AE35F7003A1F82 /* Sources */,
				8F96527A28AE35F7003A1F82 /* Frameworks */,
				8F96527B28AE35F7003A1F82 /* Resources */,
				5644BAC24CDE6B96AE82C96C /* [CP] Embed Pods Frameworks */,
			);
			buildRules = (
			);
			dependencies = (
			);
			name = Tracker;
			productName = Tracker;
			productReference = 8F96527D28AE35F7003A1F82 /* Tracker.app */;
			productType = "com.apple.product-type.application";
		};
/* End PBXNativeTarget section */

/* Begin PBXProject section */
		8F96527528AE35F7003A1F82 /* Project object */ = {
			isa = PBXProject;
			attributes = {
				LastSwiftUpdateCheck = 1220;
				LastUpgradeCheck = 1220;
				TargetAttributes = {
					8F96527C28AE35F7003A1F82 = {
						CreatedOnToolsVersion = 12.2;
					};
				};
			};
			buildConfigurationList = 8F96527828AE35F7003A1F82 /* Build configuration list for PBXProject "Tracker" */;
			compatibilityVersion = "Xcode 9.3";
			developmentRegion = en;
			hasScannedForEncodings = 0;
			knownRegions = (
				en,
				Base,
			);
			mainGroup = 8F96527428AE35F7003A1F82;
			productRefGroup = 8F96527E28AE35F7003A1F82 /* Products */;
			projectDirPath = "";
			projectRoot = "";
			targets = (
				8F96527C28AE35F7003A1F82 /* Tracker */,
			);
		};
/* End PBXProject section */

/* Begin PBXResourcesBuildPhase section */
		8F96527B28AE35F7003A1F82 /* Resources */ = {
			isa = PBXResourcesBuildPhase;
			buildActionMask = 2147483647;
			files = (
				8F96528D28AE3605003A1F82 /* LaunchScreen.storyboard in Resources */,
				8F96528A28AE3605003A1F82 /* Assets.xcassets in Resources */,
			);
			runOnlyForDeploymentPostprocessing = 0;
		};
/* End PBXResourcesBuildPhase section */

/* Begin PBXShellScriptBuildPhase section */
		229C809CF1C4AD312CF3439D /* [CP] Check Pods Manifest.lock */ = {
			isa = PBXShellScriptBuildPhase;
			buildActionMask = 2147483647;
			files = (
			);
			inputFileListPaths = (
			);
			inputPaths = (
				"${PODS_PODFILE_DIR_PATH}/Podfile.lock",
				"${PODS_ROOT}/Manifest.lock",
			);
			name = "[CP] Check Pods Manifest.lock";
			outputFileListPaths = (
			);
			outputPaths = (
				"$(DERIVED_FILE_DIR)/Pods-Tracker-checkManifestLockResult.txt",
			);
			runOnlyForDeploymentPostprocessing = 0;
			shellPath = /bin/sh;
			shellScript = "diff \"${PODS_PODFILE_DIR_PATH}/Podfile.lock\" \"${PODS_ROOT}/Manifest.lock\" > /dev/null\nif [ $? != 0 ] ; then\n    # print error to STDERR\n    echo \"error: The sandbox is not in sync with the Podfile.lock. Run 'pod install' or update your CocoaPods installation.\" >&2\n    exit 1\nfi\n# This output is used by Xcode 'outputs' to avoid re-running this script phase.\necho \"SUCCESS\" > \"${SCRIPT_OUTPUT_FILE_0}\"\n";
			showEnvVarsInLog = 0;
		};
		5644BAC24CDE6B96AE82C96C /* [CP] Embed Pods Frameworks */ = {
			isa = PBXShellScriptBuildPhase;
			buildActionMask = 2147483647;
			files = (
			);
			inputFileListPaths = (
				"${PODS_ROOT}/Target Support Files/Pods-Tracker/Pods-Tracker-frameworks-${CONFIGURATION}-input-files.xcfilelist",
			);
			name = "[CP] Embed Pods Frameworks";
			outputFileListPaths = (
				"${PODS_ROOT}/Target Support Files/Pods-Tracker/Pods-Tracker-frameworks-${CONFIGURATION}-output-files.xcfilelist",
			);
			runOnlyForDeploymentPostprocessing = 0;
			shellPath = /bin/sh;
			shellScript = "\"${PODS_ROOT}/Target Support Files/Pods-Tracker/Pods-Tracker-frameworks.sh\"\n";
			showEnvVarsInLog = 0;
		};
/* End PBXShellScriptBuildPhase section */

/* Begin PBXSourcesBuildPhase section */
		8F96527928AE35F7003A1F82 /* Sources */ = {
			isa = PBXSourcesBuildPhase;
			buildActionMask = 2147483647;
			files = (
				8F28C6CD28B4ED7C0095E375 /* MainViewModel.swift in Sources */,
				8F9652A828AFA77E003A1F82 /* LocationServiceProtocol.swift in Sources */,
				8F9652A228AE65CF003A1F82 /* MainViewController.swift in Sources */,
				8F28C6D028B4EDA70095E375 /* MainViewModelProtocol.swift in Sources */,
				8F28C6DF28B61E5A0095E375 /* Trip.swift in Sources */,
				8F28C6DC28B54E970095E375 /* MainViewProtocol.swift in Sources */,
				8F96529E28AE6402003A1F82 /* LocationService.swift in Sources */,
				8F96528128AE35F7003A1F82 /* AppDelegate.swift in Sources */,
			);
			runOnlyForDeploymentPostprocessing = 0;
		};
/* End PBXSourcesBuildPhase section */

/* Begin PBXVariantGroup section */
		8F96528B28AE3605003A1F82 /* LaunchScreen.storyboard */ = {
			isa = PBXVariantGroup;
			children = (
				8F96528C28AE3605003A1F82 /* Base */,
			);
			name = LaunchScreen.storyboard;
			sourceTree = "<group>";
		};
/* End PBXVariantGroup section */

/* Begin XCBuildConfiguration section */
		8F96528F28AE3605003A1F82 /* Debug */ = {
			isa = XCBuildConfiguration;
			buildSettings = {
				ALWAYS_SEARCH_USER_PATHS = NO;
				CLANG_ANALYZER_NONNULL = YES;
				CLANG_ANALYZER_NUMBER_OBJECT_CONVERSION = YES_AGGRESSIVE;
				CLANG_CXX_LANGUAGE_STANDARD = "gnu++14";
				CLANG_CXX_LIBRARY = "libc++";
				CLANG_ENABLE_MODULES = YES;
				CLANG_ENABLE_OBJC_ARC = YES;
				CLANG_ENABLE_OBJC_WEAK = YES;
				CLANG_WARN_BLOCK_CAPTURE_AUTORELEASING = YES;
				CLANG_WARN_BOOL_CONVERSION = YES;
				CLANG_WARN_COMMA = YES;
				CLANG_WARN_CONSTANT_CONVERSION = YES;
				CLANG_WARN_DEPRECATED_OBJC_IMPLEMENTATIONS = YES;
				CLANG_WARN_DIRECT_OBJC_ISA_USAGE = YES_ERROR;
				CLANG_WARN_DOCUMENTATION_COMMENTS = YES;
				CLANG_WARN_EMPTY_BODY = YES;
				CLANG_WARN_ENUM_CONVERSION = YES;
				CLANG_WARN_INFINITE_RECURSION = YES;
				CLANG_WARN_INT_CONVERSION = YES;
				CLANG_WARN_NON_LITERAL_NULL_CONVERSION = YES;
				CLANG_WARN_OBJC_IMPLICIT_RETAIN_SELF = YES;
				CLANG_WARN_OBJC_LITERAL_CONVERSION = YES;
				CLANG_WARN_OBJC_ROOT_CLASS = YES_ERROR;
				CLANG_WARN_QUOTED_INCLUDE_IN_FRAMEWORK_HEADER = YES;
				CLANG_WARN_RANGE_LOOP_ANALYSIS = YES;
				CLANG_WARN_STRICT_PROTOTYPES = YES;
				CLANG_WARN_SUSPICIOUS_MOVE = YES;
				CLANG_WARN_UNGUARDED_AVAILABILITY = YES_AGGRESSIVE;
				CLANG_WARN_UNREACHABLE_CODE = YES;
				CLANG_WARN__DUPLICATE_METHOD_MATCH = YES;
				COPY_PHASE_STRIP = NO;
				DEBUG_INFORMATION_FORMAT = dwarf;
				ENABLE_STRICT_OBJC_MSGSEND = YES;
				ENABLE_TESTABILITY = YES;
				GCC_C_LANGUAGE_STANDARD = gnu11;
				GCC_DYNAMIC_NO_PIC = NO;
				GCC_NO_COMMON_BLOCKS = YES;
				GCC_OPTIMIZATION_LEVEL = 0;
				GCC_PREPROCESSOR_DEFINITIONS = (
					"DEBUG=1",
					"$(inherited)",
				);
				GCC_WARN_64_TO_32_BIT_CONVERSION = YES;
				GCC_WARN_ABOUT_RETURN_TYPE = YES_ERROR;
				GCC_WARN_UNDECLARED_SELECTOR = YES;
				GCC_WARN_UNINITIALIZED_AUTOS = YES_AGGRESSIVE;
				GCC_WARN_UNUSED_FUNCTION = YES;
				GCC_WARN_UNUSED_VARIABLE = YES;
				IPHONEOS_DEPLOYMENT_TARGET = 14.2;
				MTL_ENABLE_DEBUG_INFO = INCLUDE_SOURCE;
				MTL_FAST_MATH = YES;
				ONLY_ACTIVE_ARCH = YES;
				SDKROOT = iphoneos;
				SWIFT_ACTIVE_COMPILATION_CONDITIONS = DEBUG;
				SWIFT_OPTIMIZATION_LEVEL = "-Onone";
			};
			name = Debug;
		};
		8F96529028AE3605003A1F82 /* Release */ = {
			isa = XCBuildConfiguration;
			buildSettings = {
				ALWAYS_SEARCH_USER_PATHS = NO;
				CLANG_ANALYZER_NONNULL = YES;
				CLANG_ANALYZER_NUMBER_OBJECT_CONVERSION = YES_AGGRESSIVE;
				CLANG_CXX_LANGUAGE_STANDARD = "gnu++14";
				CLANG_CXX_LIBRARY = "libc++";
				CLANG_ENABLE_MODULES = YES;
				CLANG_ENABLE_OBJC_ARC = YES;
				CLANG_ENABLE_OBJC_WEAK = YES;
				CLANG_WARN_BLOCK_CAPTURE_AUTORELEASING = YES;
				CLANG_WARN_BOOL_CONVERSION = YES;
				CLANG_WARN_COMMA = YES;
				CLANG_WARN_CONSTANT_CONVERSION = YES;
				CLANG_WARN_DEPRECATED_OBJC_IMPLEMENTATIONS = YES;
				CLANG_WARN_DIRECT_OBJC_ISA_USAGE = YES_ERROR;
				CLANG_WARN_DOCUMENTATION_COMMENTS = YES;
				CLANG_WARN_EMPTY_BODY = YES;
				CLANG_WARN_ENUM_CONVERSION = YES;
				CLANG_WARN_INFINITE_RECURSION = YES;
				CLANG_WARN_INT_CONVERSION = YES;
				CLANG_WARN_NON_LITERAL_NULL_CONVERSION = YES;
				CLANG_WARN_OBJC_IMPLICIT_RETAIN_SELF = YES;
				CLANG_WARN_OBJC_LITERAL_CONVERSION = YES;
				CLANG_WARN_OBJC_ROOT_CLASS = YES_ERROR;
				CLANG_WARN_QUOTED_INCLUDE_IN_FRAMEWORK_HEADER = YES;
				CLANG_WARN_RANGE_LOOP_ANALYSIS = YES;
				CLANG_WARN_STRICT_PROTOTYPES = YES;
				CLANG_WARN_SUSPICIOUS_MOVE = YES;
				CLANG_WARN_UNGUARDED_AVAILABILITY = YES_AGGRESSIVE;
				CLANG_WARN_UNREACHABLE_CODE = YES;
				CLANG_WARN__DUPLICATE_METHOD_MATCH = YES;
				COPY_PHASE_STRIP = NO;
				DEBUG_INFORMATION_FORMAT = "dwarf-with-dsym";
				ENABLE_NS_ASSERTIONS = NO;
				ENABLE_STRICT_OBJC_MSGSEND = YES;
				GCC_C_LANGUAGE_STANDARD = gnu11;
				GCC_NO_COMMON_BLOCKS = YES;
				GCC_WARN_64_TO_32_BIT_CONVERSION = YES;
				GCC_WARN_ABOUT_RETURN_TYPE = YES_ERROR;
				GCC_WARN_UNDECLARED_SELECTOR = YES;
				GCC_WARN_UNINITIALIZED_AUTOS = YES_AGGRESSIVE;
				GCC_WARN_UNUSED_FUNCTION = YES;
				GCC_WARN_UNUSED_VARIABLE = YES;
				IPHONEOS_DEPLOYMENT_TARGET = 14.2;
				MTL_ENABLE_DEBUG_INFO = NO;
				MTL_FAST_MATH = YES;
				SDKROOT = iphoneos;
				SWIFT_COMPILATION_MODE = wholemodule;
				SWIFT_OPTIMIZATION_LEVEL = "-O";
				VALIDATE_PRODUCT = YES;
			};
			name = Release;
		};
		8F96529228AE3605003A1F82 /* Debug */ = {
			isa = XCBuildConfiguration;
			baseConfigurationReference = E496741141D4D70027485ABE /* Pods-Tracker.debug.xcconfig */;
			buildSettings = {
				ASSETCATALOG_COMPILER_APPICON_NAME = AppIcon;
				ASSETCATALOG_COMPILER_GLOBAL_ACCENT_COLOR_NAME = AccentColor;
				CODE_SIGN_STYLE = Automatic;
				DEVELOPMENT_TEAM = 72QBG8R768;
				INFOPLIST_FILE = Tracker/Info.plist;
				IPHONEOS_DEPLOYMENT_TARGET = 12.0;
				LD_RUNPATH_SEARCH_PATHS = (
					"$(inherited)",
					"@executable_path/Frameworks",
				);
				PRODUCT_BUNDLE_IDENTIFIER = ayzo.Tracker;
				PRODUCT_NAME = "$(TARGET_NAME)";
				SWIFT_VERSION = 5.0;
				TARGETED_DEVICE_FAMILY = "1,2";
			};
			name = Debug;
		};
		8F96529328AE3605003A1F82 /* Release */ = {
			isa = XCBuildConfiguration;
			baseConfigurationReference = A40BD650974B7311C891EF76 /* Pods-Tracker.release.xcconfig */;
			buildSettings = {
				ASSETCATALOG_COMPILER_APPICON_NAME = AppIcon;
				ASSETCATALOG_COMPILER_GLOBAL_ACCENT_COLOR_NAME = AccentColor;
				CODE_SIGN_STYLE = Automatic;
				DEVELOPMENT_TEAM = 72QBG8R768;
				INFOPLIST_FILE = Tracker/Info.plist;
				IPHONEOS_DEPLOYMENT_TARGET = 12.0;
				LD_RUNPATH_SEARCH_PATHS = (
					"$(inherited)",
					"@executable_path/Frameworks",
				);
				PRODUCT_BUNDLE_IDENTIFIER = ayzo.Tracker;
				PRODUCT_NAME = "$(TARGET_NAME)";
				SWIFT_VERSION = 5.0;
				TARGETED_DEVICE_FAMILY = "1,2";
			};
			name = Release;
		};
/* End XCBuildConfiguration section */

/* Begin XCConfigurationList section */
		8F96527828AE35F7003A1F82 /* Build configuration list for PBXProject "Tracker" */ = {
			isa = XCConfigurationList;
			buildConfigurations = (
				8F96528F28AE3605003A1F82 /* Debug */,
				8F96529028AE3605003A1F82 /* Release */,
			);
			defaultConfigurationIsVisible = 0;
			defaultConfigurationName = Release;
		};
		8F96529128AE3605003A1F82 /* Build configuration list for PBXNativeTarget "Tracker" */ = {
			isa = XCConfigurationList;
			buildConfigurations = (
				8F96529228AE3605003A1F82 /* Debug */,
				8F96529328AE3605003A1F82 /* Release */,
			);
			defaultConfigurationIsVisible = 0;
			defaultConfigurationName = Release;
		};
/* End XCConfigurationList section */
	};
	rootObject = 8F96527528AE35F7003A1F82 /* Project object */;
}
